
Microsoft Visual Studio Solution File, Format Version 12.00
# Visual Studio Version 16
VisualStudioVersion = 16.0.31229.75
MinimumVisualStudioVersion = 10.0.40219.1
Project("{FAE04EC0-301F-11D3-BF4B-00C04F79EFBC}") = "OperationResult", "OperationResult.csproj", "{30EC986B-6140-4BAD-AC51-7B0A6BFE93EE}"
EndProject
Global
	GlobalSection(SolutionConfigurationPlatforms) = preSolution
		Debug|Any CPU = Debug|Any CPU
		Release|Any CPU = Release|Any CPU
	EndGlobalSection
	GlobalSection(ProjectConfigurationPlatforms) = postSolution
		{30EC986B-6140-4BAD-AC51-7B0A6BFE93EE}.Debug|Any CPU.ActiveCfg = Debug|Any CPU
		{30EC986B-6140-4BAD-AC51-7B0A6BFE93EE}.Debug|Any CPU.Build.0 = Debug|Any CPU
		{30EC986B-6140-4BAD-AC51-7B0A6BFE93EE}.Release|Any CPU.ActiveCfg = Release|Any CPU
		{30EC986B-6140-4BAD-AC51-7B0A6BFE93EE}.Release|Any CPU.Build.0 = Release|Any CPU
	EndGlobalSection
	GlobalSection(SolutionProperties) = preSolution
		HideSolutionNode = FALSE
	EndGlobalSection
	GlobalSection(ExtensibilityGlobals) = postSolution
		SolutionGuid = {6106ABDC-2B8A-428F-B594-823284C445B0}
	EndGlobalSection
EndGlobal
